{
  "name": "neuron",
  "version": "0.0.1",
  "lockfileVersion": 1,
  "requires": true,
  "dependencies": {
    "jazz-midi": {
      "version": "1.6.4",
      "resolved": "https://registry.npmjs.org/jazz-midi/-/jazz-midi-1.6.4.tgz",
      "integrity": "sha512-aBMpmA0+3ojLom2TA5v3LtY6xmqHOer997hVBNCb2GRhTeMhdzVgs0Zhgj4Kg2ff2dnlguezZ5HjbUhMyUl7oQ=="
    },
    "jzz": {
      "version": "0.5.7",
      "resolved": "https://registry.npmjs.org/jzz/-/jzz-0.5.7.tgz",
      "integrity": "sha512-4VL8WX1y5Xq/7nhzUVcIi5YVFmOSGJBBn4PK2BOIGS1f7VIy0R8K4Sxslu9081gjsHCUeUCWdtabVobuwqr//w==",
      "requires": {
        "jazz-midi": "1.6.4"
      }
    },
    "jzz-midi-smf": {
      "version": "1.0.3",
      "resolved": "https://registry.npmjs.org/jzz-midi-smf/-/jzz-midi-smf-1.0.3.tgz",
      "integrity": "sha512-3BTPFrdw/YC5tO75G12Sxu51tAVLwEaSnF+XI6eSnKGzu48WVxfWT4Iuyivk2GU+4UYZAhPJFAsNQvboi/s3xw==",
      "requires": {
        "jzz": "0.5.7"
      }
    }
  }
}
